PODS:
  - AWSAuthCore (2.6.35):
    - AWSCore (= 2.6.35)
  - AWSCore (2.6.35)
  - AWSMobileClient (2.6.35):
    - AWSAuthCore (= 2.6.35)
  - AWSPinpoint (2.6.35):
    - AWSCore (= 2.6.35)
  - SwiftLint (0.35.0)

DEPENDENCIES:
  - AWSMobileClient
  - AWSPinpoint
  - SwiftLint

SPEC REPOS:
  https://github.com/CocoaPods/Specs.git:
    - SwiftLint
  trunk:
    - AWSAuthCore
    - AWSCore
    - AWSMobileClient
    - AWSPinpoint

SPEC CHECKSUMS:
  AWSAuthCore: 386e045a341acebf2409425467e907ae1a45ed63
  AWSCore: 2dab62ef2e5ca5d8c72c6cbdb3a6ea1532c27c2b
  AWSMobileClient: f89a36e0d95fc354a9d3b50d347371788c542449
  AWSPinpoint: 269c600f74368deb045854f28aa45bce20820baa
  SwiftLint: 5553187048b900c91aa03552807681bb6b027846

PODFILE CHECKSUM: 8f223ad266c083b890ad8653487e1dbd5fa31512

COCOAPODS: 1.8.4
