// !$*UTF8*$!
{
	archiveVersion = 1;
	classes = {
	};
	objectVersion = 50;
	objects = {

/* Begin PBXBuildFile section */
		40215C37232B85ED001A90B1 /* AppDelegate.swift in Sources */ = {isa = PBXBuildFile; fileRef = 40215C36232B85ED001A90B1 /* AppDelegate.swift */; };
		40215C39232B85ED001A90B1 /* SceneDelegate.swift in Sources */ = {isa = PBXBuildFile; fileRef = 40215C38232B85ED001A90B1 /* SceneDelegate.swift */; };
		40215C3E232B85ED001A90B1 /* Main.storyboard in Resources */ = {isa = PBXBuildFile; fileRef = 40215C3C232B85ED001A90B1 /* Main.storyboard */; settings = {ASSET_TAGS = (backCamerarPreview, ); }; };
		40215C41232B85ED001A90B1 /* dbleTake.xcdatamodeld in Sources */ = {isa = PBXBuildFile; fileRef = 40215C3F232B85ED001A90B1 /* dbleTake.xcdatamodeld */; };
		40215C43232B85EF001A90B1 /* Assets.xcassets in Resources */ = {isa = PBXBuildFile; fileRef = 40215C42232B85EF001A90B1 /* Assets.xcassets */; };
		40215C46232B85EF001A90B1 /* LaunchScreen.storyboard in Resources */ = {isa = PBXBuildFile; fileRef = 40215C44232B85EF001A90B1 /* LaunchScreen.storyboard */; };
		40215C53232B911F001A90B1 /* ShutterButton.swift in Sources */ = {isa = PBXBuildFile; fileRef = 40215C52232B911F001A90B1 /* ShutterButton.swift */; };
		4025F367234B87D5008E6D38 /* Extension.swift in Sources */ = {isa = PBXBuildFile; fileRef = 4025F366234B87D5008E6D38 /* Extension.swift */; };
		4025F369234B88F2008E6D38 /* MergedViewController.swift in Sources */ = {isa = PBXBuildFile; fileRef = 4025F368234B88F2008E6D38 /* MergedViewController.swift */; };
		40359D0D23508AF600F5564B /* HorizontalNumberScrollView.swift in Sources */ = {isa = PBXBuildFile; fileRef = 40359D0C23508AF600F5564B /* HorizontalNumberScrollView.swift */; };
		403ADA74234A5DDD004F1295 /* TimerButtons.swift in Sources */ = {isa = PBXBuildFile; fileRef = 403ADA73234A5DDD004F1295 /* TimerButtons.swift */; };
		406D29EB2351E73C006828EC /* CircularTrackingView.swift in Sources */ = {isa = PBXBuildFile; fileRef = 406D29EA2351E73C006828EC /* CircularTrackingView.swift */; };
		406DD359232B91D800392121 /* CaptureViewController.swift in Sources */ = {isa = PBXBuildFile; fileRef = 406DD358232B91D800392121 /* CaptureViewController.swift */; };
		406DD35C232B91FB00392121 /* PreviewView.swift in Sources */ = {isa = PBXBuildFile; fileRef = 406DD35B232B91FB00392121 /* PreviewView.swift */; };
		407F43B923473F7400FD0F4B /* ToastButtonBar.swift in Sources */ = {isa = PBXBuildFile; fileRef = 407F43B823473F7400FD0F4B /* ToastButtonBar.swift */; };
		40BE5DCA232BC0F60070B740 /* CaptureViewControllerModel.swift in Sources */ = {isa = PBXBuildFile; fileRef = 40BE5DC9232BC0F60070B740 /* CaptureViewControllerModel.swift */; };
		40BF3F90234DD27B00423381 /* FilterHelper.swift in Sources */ = {isa = PBXBuildFile; fileRef = 40BF3F8F234DD27B00423381 /* FilterHelper.swift */; };
		40BF3F92234DD33F00423381 /* FaceDetectionHelper.swift in Sources */ = {isa = PBXBuildFile; fileRef = 40BF3F91234DD33F00423381 /* FaceDetectionHelper.swift */; };
		9B46F5F4A6A43F36910FD706 /* Pods_dbleTake.framework in Frameworks */ = {isa = PBXBuildFile; fileRef = 20ECEC925D768D3599E63139 /* Pods_dbleTake.framework */; };
/* End PBXBuildFile section */

/* Begin PBXFileReference section */
		20ECEC925D768D3599E63139 /* Pods_dbleTake.framework */ = {isa = PBXFileReference; explicitFileType = wrapper.framework; includeInIndex = 0; path = Pods_dbleTake.framework; sourceTree = BUILT_PRODUCTS_DIR; };
		40215C33232B85ED001A90B1 /* dbleTake.app */ = {isa = PBXFileReference; explicitFileType = wrapper.application; includeInIndex = 0; path = dbleTake.app; sourceTree = BUILT_PRODUCTS_DIR; };
		40215C36232B85ED001A90B1 /* AppDelegate.swift */ = {isa = PBXFileReference; lastKnownFileType = sourcecode.swift; path = AppDelegate.swift; sourceTree = "<group>"; };
		40215C38232B85ED001A90B1 /* SceneDelegate.swift */ = {isa = PBXFileReference; lastKnownFileType = sourcecode.swift; path = SceneDelegate.swift; sourceTree = "<group>"; };
		40215C3D232B85ED001A90B1 /* Base */ = {isa = PBXFileReference; lastKnownFileType = file.storyboard; name = Base; path = Base.lproj/Main.storyboard; sourceTree = "<group>"; };
		40215C40232B85ED001A90B1 /* dbleTake.xcdatamodel */ = {isa = PBXFileReference; lastKnownFileType = wrapper.xcdatamodel; path = dbleTake.xcdatamodel; sourceTree = "<group>"; };
		40215C42232B85EF001A90B1 /* Assets.xcassets */ = {isa = PBXFileReference; lastKnownFileType = folder.assetcatalog; path = Assets.xcassets; sourceTree = "<group>"; };
		40215C45232B85EF001A90B1 /* Base */ = {isa = PBXFileReference; lastKnownFileType = file.storyboard; name = Base; path = Base.lproj/LaunchScreen.storyboard; sourceTree = "<group>"; };
		40215C47232B85EF001A90B1 /* Info.plist */ = {isa = PBXFileReference; lastKnownFileType = text.plist.xml; path = Info.plist; sourceTree = "<group>"; };
		40215C52232B911F001A90B1 /* ShutterButton.swift */ = {isa = PBXFileReference; lastKnownFileType = sourcecode.swift; path = ShutterButton.swift; sourceTree = "<group>"; };
		4025F366234B87D5008E6D38 /* Extension.swift */ = {isa = PBXFileReference; lastKnownFileType = sourcecode.swift; path = Extension.swift; sourceTree = "<group>"; };
		4025F368234B88F2008E6D38 /* MergedViewController.swift */ = {isa = PBXFileReference; lastKnownFileType = sourcecode.swift; path = MergedViewController.swift; sourceTree = "<group>"; };
		40359D0C23508AF600F5564B /* HorizontalNumberScrollView.swift */ = {isa = PBXFileReference; lastKnownFileType = sourcecode.swift; path = HorizontalNumberScrollView.swift; sourceTree = "<group>"; };
		403ADA73234A5DDD004F1295 /* TimerButtons.swift */ = {isa = PBXFileReference; lastKnownFileType = sourcecode.swift; path = TimerButtons.swift; sourceTree = "<group>"; };
		406D29EA2351E73C006828EC /* CircularTrackingView.swift */ = {isa = PBXFileReference; lastKnownFileType = sourcecode.swift; path = CircularTrackingView.swift; sourceTree = "<group>"; };
		406DD358232B91D800392121 /* CaptureViewController.swift */ = {isa = PBXFileReference; fileEncoding = 4; lastKnownFileType = sourcecode.swift; path = CaptureViewController.swift; sourceTree = "<group>"; };
		406DD35B232B91FB00392121 /* PreviewView.swift */ = {isa = PBXFileReference; fileEncoding = 4; lastKnownFileType = sourcecode.swift; path = PreviewView.swift; sourceTree = "<group>"; };
		407F43B823473F7400FD0F4B /* ToastButtonBar.swift */ = {isa = PBXFileReference; lastKnownFileType = sourcecode.swift; path = ToastButtonBar.swift; sourceTree = "<group>"; };
		40BE5DC9232BC0F60070B740 /* CaptureViewControllerModel.swift */ = {isa = PBXFileReference; lastKnownFileType = sourcecode.swift; path = CaptureViewControllerModel.swift; sourceTree = "<group>"; };
		40BF3F8F234DD27B00423381 /* FilterHelper.swift */ = {isa = PBXFileReference; lastKnownFileType = sourcecode.swift; path = FilterHelper.swift; sourceTree = "<group>"; };
		40BF3F91234DD33F00423381 /* FaceDetectionHelper.swift */ = {isa = PBXFileReference; lastKnownFileType = sourcecode.swift; path = FaceDetectionHelper.swift; sourceTree = "<group>"; };
		56C9592A8E8665FDA32300B0 /* Pods-dbleTake.release.xcconfig */ = {isa = PBXFileReference; includeInIndex = 1; lastKnownFileType = text.xcconfig; name = "Pods-dbleTake.release.xcconfig"; path = "Target Support Files/Pods-dbleTake/Pods-dbleTake.release.xcconfig"; sourceTree = "<group>"; };
		97728ADEA91311D519AB35A1 /* Pods-dbleTake.debug.xcconfig */ = {isa = PBXFileReference; includeInIndex = 1; lastKnownFileType = text.xcconfig; name = "Pods-dbleTake.debug.xcconfig"; path = "Target Support Files/Pods-dbleTake/Pods-dbleTake.debug.xcconfig"; sourceTree = "<group>"; };
/* End PBXFileReference section */

/* Begin PBXFrameworksBuildPhase section */
		40215C30232B85ED001A90B1 /* Frameworks */ = {
			isa = PBXFrameworksBuildPhase;
			buildActionMask = 2147483647;
			files = (
				9B46F5F4A6A43F36910FD706 /* Pods_dbleTake.framework in Frameworks */,
			);
			runOnlyForDeploymentPostprocessing = 0;
		};
/* End PBXFrameworksBuildPhase section */

/* Begin PBXGroup section */
		40215C2A232B85ED001A90B1 = {
			isa = PBXGroup;
			children = (
				40215C35232B85ED001A90B1 /* dbleTake */,
				40215C34232B85ED001A90B1 /* Products */,
				8623F038B2EF3CFF51FC498B /* Pods */,
				D8CC2F57753338D4062A7348 /* Frameworks */,
			);
			sourceTree = "<group>";
		};
		40215C34232B85ED001A90B1 /* Products */ = {
			isa = PBXGroup;
			children = (
				40215C33232B85ED001A90B1 /* dbleTake.app */,
			);
			name = Products;
			sourceTree = "<group>";
		};
		40215C35232B85ED001A90B1 /* dbleTake */ = {
			isa = PBXGroup;
			children = (
				4057CE2F235474C3009742C3 /* CustomUIViews */,
				4025F365234B87BC008E6D38 /* Extension */,
				406DD35A232B91EF00392121 /* AppleCode */,
				40215C51232B87D4001A90B1 /* DataModel */,
				40215C50232B8610001A90B1 /* CustomClasses */,
				40215C4F232B8607001A90B1 /* Helpers */,
				40215C4E232B8602001A90B1 /* UI */,
				406DD35D232B981000392121 /* Models */,
				40215C4D232B85F8001A90B1 /* ViewControllers */,
				40215C36232B85ED001A90B1 /* AppDelegate.swift */,
				40215C38232B85ED001A90B1 /* SceneDelegate.swift */,
				40215C42232B85EF001A90B1 /* Assets.xcassets */,
				40215C47232B85EF001A90B1 /* Info.plist */,
			);
			path = dbleTake;
			sourceTree = "<group>";
		};
		40215C4D232B85F8001A90B1 /* ViewControllers */ = {
			isa = PBXGroup;
			children = (
				406DD358232B91D800392121 /* CaptureViewController.swift */,
				4025F368234B88F2008E6D38 /* MergedViewController.swift */,
			);
			path = ViewControllers;
			sourceTree = "<group>";
		};
		40215C4E232B8602001A90B1 /* UI */ = {
			isa = PBXGroup;
			children = (
				40215C3C232B85ED001A90B1 /* Main.storyboard */,
				40215C44232B85EF001A90B1 /* LaunchScreen.storyboard */,
			);
			path = UI;
			sourceTree = "<group>";
		};
		40215C4F232B8607001A90B1 /* Helpers */ = {
			isa = PBXGroup;
			children = (
				40BF3F8F234DD27B00423381 /* FilterHelper.swift */,
				40BF3F91234DD33F00423381 /* FaceDetectionHelper.swift */,
			);
			path = Helpers;
			sourceTree = "<group>";
		};
		40215C50232B8610001A90B1 /* CustomClasses */ = {
			isa = PBXGroup;
			children = (
				40215C52232B911F001A90B1 /* ShutterButton.swift */,
				407F43B823473F7400FD0F4B /* ToastButtonBar.swift */,
				403ADA73234A5DDD004F1295 /* TimerButtons.swift */,
				40359D0C23508AF600F5564B /* HorizontalNumberScrollView.swift */,
				406D29EA2351E73C006828EC /* CircularTrackingView.swift */,
			);
			path = CustomClasses;
			sourceTree = "<group>";
		};
		40215C51232B87D4001A90B1 /* DataModel */ = {
			isa = PBXGroup;
			children = (
				40215C3F232B85ED001A90B1 /* dbleTake.xcdatamodeld */,
			);
			path = DataModel;
			sourceTree = "<group>";
		};
		4025F365234B87BC008E6D38 /* Extension */ = {
			isa = PBXGroup;
			children = (
				4025F366234B87D5008E6D38 /* Extension.swift */,
			);
			path = Extension;
			sourceTree = "<group>";
		};
		4057CE2F235474C3009742C3 /* CustomUIViews */ = {
			isa = PBXGroup;
			children = (
			);
			path = CustomUIViews;
			sourceTree = "<group>";
		};
		406DD35A232B91EF00392121 /* AppleCode */ = {
			isa = PBXGroup;
			children = (
				406DD35B232B91FB00392121 /* PreviewView.swift */,
			);
			path = AppleCode;
			sourceTree = "<group>";
		};
		406DD35D232B981000392121 /* Models */ = {
			isa = PBXGroup;
			children = (
				40BE5DC9232BC0F60070B740 /* CaptureViewControllerModel.swift */,
			);
			path = Models;
			sourceTree = "<group>";
		};
		8623F038B2EF3CFF51FC498B /* Pods */ = {
			isa = PBXGroup;
			children = (
				97728ADEA91311D519AB35A1 /* Pods-dbleTake.debug.xcconfig */,
				56C9592A8E8665FDA32300B0 /* Pods-dbleTake.release.xcconfig */,
			);
			path = Pods;
			sourceTree = "<group>";
		};
		D8CC2F57753338D4062A7348 /* Frameworks */ = {
			isa = PBXGroup;
			children = (
				20ECEC925D768D3599E63139 /* Pods_dbleTake.framework */,
			);
			name = Frameworks;
			sourceTree = "<group>";
		};
/* End PBXGroup section */

/* Begin PBXNativeTarget section */
		40215C32232B85ED001A90B1 /* dbleTake */ = {
			isa = PBXNativeTarget;
			buildConfigurationList = 40215C4A232B85EF001A90B1 /* Build configuration list for PBXNativeTarget "dbleTake" */;
			buildPhases = (
				9C7CD12C7A1438497E11E61A /* [CP] Check Pods Manifest.lock */,
				40215C2F232B85ED001A90B1 /* Sources */,
				40215C30232B85ED001A90B1 /* Frameworks */,
				40215C31232B85ED001A90B1 /* Resources */,
			);
			buildRules = (
			);
			dependencies = (
			);
			name = dbleTake;
			productName = dbleTake;
			productReference = 40215C33232B85ED001A90B1 /* dbleTake.app */;
			productType = "com.apple.product-type.application";
		};
/* End PBXNativeTarget section */

/* Begin PBXProject section */
		40215C2B232B85ED001A90B1 /* Project object */ = {
			isa = PBXProject;
			attributes = {
				KnownAssetTags = (
					backCamerarPreview,
				);
				LastSwiftUpdateCheck = 1100;
				LastUpgradeCheck = 1100;
				ORGANIZATIONNAME = dinalli;
				TargetAttributes = {
					40215C32232B85ED001A90B1 = {
						CreatedOnToolsVersion = 11.0;
					};
				};
			};
			buildConfigurationList = 40215C2E232B85ED001A90B1 /* Build configuration list for PBXProject "dbleTake" */;
			compatibilityVersion = "Xcode 9.3";
			developmentRegion = en;
			hasScannedForEncodings = 0;
			knownRegions = (
				en,
				Base,
			);
			mainGroup = 40215C2A232B85ED001A90B1;
			productRefGroup = 40215C34232B85ED001A90B1 /* Products */;
			projectDirPath = "";
			projectRoot = "";
			targets = (
				40215C32232B85ED001A90B1 /* dbleTake */,
			);
		};
/* End PBXProject section */

/* Begin PBXResourcesBuildPhase section */
		40215C31232B85ED001A90B1 /* Resources */ = {
			isa = PBXResourcesBuildPhase;
			buildActionMask = 2147483647;
			files = (
				40215C46232B85EF001A90B1 /* LaunchScreen.storyboard in Resources */,
				40215C43232B85EF001A90B1 /* Assets.xcassets in Resources */,
				40215C3E232B85ED001A90B1 /* Main.storyboard in Resources */,
			);
			runOnlyForDeploymentPostprocessing = 0;
		};
/* End PBXResourcesBuildPhase section */

/* Begin PBXShellScriptBuildPhase section */
		9C7CD12C7A1438497E11E61A /* [CP] Check Pods Manifest.lock */ = {
			isa = PBXShellScriptBuildPhase;
			buildActionMask = 2147483647;
			files = (
			);
			inputFileListPaths = (
			);
			inputPaths = (
				"${PODS_PODFILE_DIR_PATH}/Podfile.lock",
				"${PODS_ROOT}/Manifest.lock",
			);
			name = "[CP] Check Pods Manifest.lock";
			outputFileListPaths = (
			);
			outputPaths = (
				"$(DERIVED_FILE_DIR)/Pods-dbleTake-checkManifestLockResult.txt",
			);
			runOnlyForDeploymentPostprocessing = 0;
			shellPath = /bin/sh;
			shellScript = "diff \"${PODS_PODFILE_DIR_PATH}/Podfile.lock\" \"${PODS_ROOT}/Manifest.lock\" > /dev/null\nif [ $? != 0 ] ; then\n    # print error to STDERR\n    echo \"error: The sandbox is not in sync with the Podfile.lock. Run 'pod install' or update your CocoaPods installation.\" >&2\n    exit 1\nfi\n# This output is used by Xcode 'outputs' to avoid re-running this script phase.\necho \"SUCCESS\" > \"${SCRIPT_OUTPUT_FILE_0}\"\n";
			showEnvVarsInLog = 0;
		};
/* End PBXShellScriptBuildPhase section */

/* Begin PBXSourcesBuildPhase section */
		40215C2F232B85ED001A90B1 /* Sources */ = {
			isa = PBXSourcesBuildPhase;
			buildActionMask = 2147483647;
			files = (
				40BF3F92234DD33F00423381 /* FaceDetectionHelper.swift in Sources */,
				40215C41232B85ED001A90B1 /* dbleTake.xcdatamodeld in Sources */,
				4025F369234B88F2008E6D38 /* MergedViewController.swift in Sources */,
				40215C53232B911F001A90B1 /* ShutterButton.swift in Sources */,
				40215C37232B85ED001A90B1 /* AppDelegate.swift in Sources */,
				406D29EB2351E73C006828EC /* CircularTrackingView.swift in Sources */,
				407F43B923473F7400FD0F4B /* ToastButtonBar.swift in Sources */,
				403ADA74234A5DDD004F1295 /* TimerButtons.swift in Sources */,
				4025F367234B87D5008E6D38 /* Extension.swift in Sources */,
				40BE5DCA232BC0F60070B740 /* CaptureViewControllerModel.swift in Sources */,
				40215C39232B85ED001A90B1 /* SceneDelegate.swift in Sources */,
				40359D0D23508AF600F5564B /* HorizontalNumberScrollView.swift in Sources */,
				406DD359232B91D800392121 /* CaptureViewController.swift in Sources */,
				406DD35C232B91FB00392121 /* PreviewView.swift in Sources */,
				40BF3F90234DD27B00423381 /* FilterHelper.swift in Sources */,
			);
			runOnlyForDeploymentPostprocessing = 0;
		};
/* End PBXSourcesBuildPhase section */

/* Begin PBXVariantGroup section */
		40215C3C232B85ED001A90B1 /* Main.storyboard */ = {
			isa = PBXVariantGroup;
			children = (
				40215C3D232B85ED001A90B1 /* Base */,
			);
			name = Main.storyboard;
			sourceTree = "<group>";
		};
		40215C44232B85EF001A90B1 /* LaunchScreen.storyboard */ = {
			isa = PBXVariantGroup;
			children = (
				40215C45232B85EF001A90B1 /* Base */,
			);
			name = LaunchScreen.storyboard;
			sourceTree = "<group>";
		};
/* End PBXVariantGroup section */

/* Begin XCBuildConfiguration section */
		40215C48232B85EF001A90B1 /* Debug */ = {
			isa = XCBuildConfiguration;
			buildSettings = {
				ALWAYS_SEARCH_USER_PATHS = NO;
				CLANG_ANALYZER_NONNULL = YES;
				CLANG_ANALYZER_NUMBER_OBJECT_CONVERSION = YES_AGGRESSIVE;
				CLANG_CXX_LANGUAGE_STANDARD = "gnu++14";
				CLANG_CXX_LIBRARY = "libc++";
				CLANG_ENABLE_MODULES = YES;
				CLANG_ENABLE_OBJC_ARC = YES;
				CLANG_ENABLE_OBJC_WEAK = YES;
				CLANG_WARN_BLOCK_CAPTURE_AUTORELEASING = YES;
				CLANG_WARN_BOOL_CONVERSION = YES;
				CLANG_WARN_COMMA = YES;
				CLANG_WARN_CONSTANT_CONVERSION = YES;
				CLANG_WARN_DEPRECATED_OBJC_IMPLEMENTATIONS = YES;
				CLANG_WARN_DIRECT_OBJC_ISA_USAGE = YES_ERROR;
				CLANG_WARN_DOCUMENTATION_COMMENTS = YES;
				CLANG_WARN_EMPTY_BODY = YES;
				CLANG_WARN_ENUM_CONVERSION = YES;
				CLANG_WARN_INFINITE_RECURSION = YES;
				CLANG_WARN_INT_CONVERSION = YES;
				CLANG_WARN_NON_LITERAL_NULL_CONVERSION = YES;
				CLANG_WARN_OBJC_IMPLICIT_RETAIN_SELF = YES;
				CLANG_WARN_OBJC_LITERAL_CONVERSION = YES;
				CLANG_WARN_OBJC_ROOT_CLASS = YES_ERROR;
				CLANG_WARN_RANGE_LOOP_ANALYSIS = YES;
				CLANG_WARN_STRICT_PROTOTYPES = YES;
				CLANG_WARN_SUSPICIOUS_MOVE = YES;
				CLANG_WARN_UNGUARDED_AVAILABILITY = YES_AGGRESSIVE;
				CLANG_WARN_UNREACHABLE_CODE = YES;
				CLANG_WARN__DUPLICATE_METHOD_MATCH = YES;
				COPY_PHASE_STRIP = NO;
				DEBUG_INFORMATION_FORMAT = dwarf;
				ENABLE_STRICT_OBJC_MSGSEND = YES;
				ENABLE_TESTABILITY = YES;
				GCC_C_LANGUAGE_STANDARD = gnu11;
				GCC_DYNAMIC_NO_PIC = NO;
				GCC_NO_COMMON_BLOCKS = YES;
				GCC_OPTIMIZATION_LEVEL = 0;
				GCC_PREPROCESSOR_DEFINITIONS = (
					"DEBUG=1",
					"$(inherited)",
				);
				GCC_WARN_64_TO_32_BIT_CONVERSION = YES;
				GCC_WARN_ABOUT_RETURN_TYPE = YES_ERROR;
				GCC_WARN_UNDECLARED_SELECTOR = YES;
				GCC_WARN_UNINITIALIZED_AUTOS = YES_AGGRESSIVE;
				GCC_WARN_UNUSED_FUNCTION = YES;
				GCC_WARN_UNUSED_VARIABLE = YES;
				IPHONEOS_DEPLOYMENT_TARGET = 13.0;
				MTL_ENABLE_DEBUG_INFO = INCLUDE_SOURCE;
				MTL_FAST_MATH = YES;
				ONLY_ACTIVE_ARCH = YES;
				SDKROOT = iphoneos;
				SWIFT_ACTIVE_COMPILATION_CONDITIONS = DEBUG;
				SWIFT_OPTIMIZATION_LEVEL = "-Onone";
			};
			name = Debug;
		};
		40215C49232B85EF001A90B1 /* Release */ = {
			isa = XCBuildConfiguration;
			buildSettings = {
				ALWAYS_SEARCH_USER_PATHS = NO;
				CLANG_ANALYZER_NONNULL = YES;
				CLANG_ANALYZER_NUMBER_OBJECT_CONVERSION = YES_AGGRESSIVE;
				CLANG_CXX_LANGUAGE_STANDARD = "gnu++14";
				CLANG_CXX_LIBRARY = "libc++";
				CLANG_ENABLE_MODULES = YES;
				CLANG_ENABLE_OBJC_ARC = YES;
				CLANG_ENABLE_OBJC_WEAK = YES;
				CLANG_WARN_BLOCK_CAPTURE_AUTORELEASING = YES;
				CLANG_WARN_BOOL_CONVERSION = YES;
				CLANG_WARN_COMMA = YES;
				CLANG_WARN_CONSTANT_CONVERSION = YES;
				CLANG_WARN_DEPRECATED_OBJC_IMPLEMENTATIONS = YES;
				CLANG_WARN_DIRECT_OBJC_ISA_USAGE = YES_ERROR;
				CLANG_WARN_DOCUMENTATION_COMMENTS = YES;
				CLANG_WARN_EMPTY_BODY = YES;
				CLANG_WARN_ENUM_CONVERSION = YES;
				CLANG_WARN_INFINITE_RECURSION = YES;
				CLANG_WARN_INT_CONVERSION = YES;
				CLANG_WARN_NON_LITERAL_NULL_CONVERSION = YES;
				CLANG_WARN_OBJC_IMPLICIT_RETAIN_SELF = YES;
				CLANG_WARN_OBJC_LITERAL_CONVERSION = YES;
				CLANG_WARN_OBJC_ROOT_CLASS = YES_ERROR;
				CLANG_WARN_RANGE_LOOP_ANALYSIS = YES;
				CLANG_WARN_STRICT_PROTOTYPES = YES;
				CLANG_WARN_SUSPICIOUS_MOVE = YES;
				CLANG_WARN_UNGUARDED_AVAILABILITY = YES_AGGRESSIVE;
				CLANG_WARN_UNREACHABLE_CODE = YES;
				CLANG_WARN__DUPLICATE_METHOD_MATCH = YES;
				COPY_PHASE_STRIP = NO;
				DEBUG_INFORMATION_FORMAT = "dwarf-with-dsym";
				ENABLE_NS_ASSERTIONS = NO;
				ENABLE_STRICT_OBJC_MSGSEND = YES;
				GCC_C_LANGUAGE_STANDARD = gnu11;
				GCC_NO_COMMON_BLOCKS = YES;
				GCC_WARN_64_TO_32_BIT_CONVERSION = YES;
				GCC_WARN_ABOUT_RETURN_TYPE = YES_ERROR;
				GCC_WARN_UNDECLARED_SELECTOR = YES;
				GCC_WARN_UNINITIALIZED_AUTOS = YES_AGGRESSIVE;
				GCC_WARN_UNUSED_FUNCTION = YES;
				GCC_WARN_UNUSED_VARIABLE = YES;
				IPHONEOS_DEPLOYMENT_TARGET = 13.0;
				MTL_ENABLE_DEBUG_INFO = NO;
				MTL_FAST_MATH = YES;
				SDKROOT = iphoneos;
				SWIFT_COMPILATION_MODE = wholemodule;
				SWIFT_OPTIMIZATION_LEVEL = "-O";
				VALIDATE_PRODUCT = YES;
			};
			name = Release;
		};
		40215C4B232B85EF001A90B1 /* Debug */ = {
			isa = XCBuildConfiguration;
			baseConfigurationReference = 97728ADEA91311D519AB35A1 /* Pods-dbleTake.debug.xcconfig */;
			buildSettings = {
				ASSETCATALOG_COMPILER_APPICON_NAME = AppIcon;
				CODE_SIGN_STYLE = Automatic;
				DEVELOPMENT_TEAM = 4JYLXVYYFP;
				INFOPLIST_FILE = dbleTake/Info.plist;
				LD_RUNPATH_SEARCH_PATHS = (
					"$(inherited)",
					"@executable_path/Frameworks",
				);
				PRODUCT_BUNDLE_IDENTIFIER = com.dinalli.dbleTake;
				PRODUCT_NAME = "$(TARGET_NAME)";
				SWIFT_VERSION = 5.0;
				TARGETED_DEVICE_FAMILY = "1,2";
			};
			name = Debug;
		};
		40215C4C232B85EF001A90B1 /* Release */ = {
			isa = XCBuildConfiguration;
			baseConfigurationReference = 56C9592A8E8665FDA32300B0 /* Pods-dbleTake.release.xcconfig */;
			buildSettings = {
				ASSETCATALOG_COMPILER_APPICON_NAME = AppIcon;
				CODE_SIGN_STYLE = Automatic;
				DEVELOPMENT_TEAM = 4JYLXVYYFP;
				INFOPLIST_FILE = dbleTake/Info.plist;
				LD_RUNPATH_SEARCH_PATHS = (
					"$(inherited)",
					"@executable_path/Frameworks",
				);
				PRODUCT_BUNDLE_IDENTIFIER = com.dinalli.dbleTake;
				PRODUCT_NAME = "$(TARGET_NAME)";
				SWIFT_VERSION = 5.0;
				TARGETED_DEVICE_FAMILY = "1,2";
			};
			name = Release;
		};
/* End XCBuildConfiguration section */

/* Begin XCConfigurationList section */
		40215C2E232B85ED001A90B1 /* Build configuration list for PBXProject "dbleTake" */ = {
			isa = XCConfigurationList;
			buildConfigurations = (
				40215C48232B85EF001A90B1 /* Debug */,
				40215C49232B85EF001A90B1 /* Release */,
			);
			defaultConfigurationIsVisible = 0;
			defaultConfigurationName = Release;
		};
		40215C4A232B85EF001A90B1 /* Build configuration list for PBXNativeTarget "dbleTake" */ = {
			isa = XCConfigurationList;
			buildConfigurations = (
				40215C4B232B85EF001A90B1 /* Debug */,
				40215C4C232B85EF001A90B1 /* Release */,
			);
			defaultConfigurationIsVisible = 0;
			defaultConfigurationName = Release;
		};
/* End XCConfigurationList section */

/* Begin XCVersionGroup section */
		40215C3F232B85ED001A90B1 /* dbleTake.xcdatamodeld */ = {
			isa = XCVersionGroup;
			children = (
				40215C40232B85ED001A90B1 /* dbleTake.xcdatamodel */,
			);
			currentVersion = 40215C40232B85ED001A90B1 /* dbleTake.xcdatamodel */;
			path = dbleTake.xcdatamodeld;
			sourceTree = "<group>";
			versionGroupType = wrapper.xcdatamodel;
		};
/* End XCVersionGroup section */
	};
	rootObject = 40215C2B232B85ED001A90B1 /* Project object */;
}
